<?xml version="1.0" encoding="utf-8"?>
<Project ToolsVersion="4.0" xmlns="http://schemas.microsoft.com/developer/msbuild/2003">
  <ItemGroup>
    <Filter Include="Utils">
      <UniqueIdentifier>{0f8cb419-e527-4fe3-b527-20c8359a3ab8}</UniqueIdentifier>
    </Filter>
    <Filter Include="WinSpecific">
      <UniqueIdentifier>{d501450f-7c9d-407d-8e36-9a95f0c4ad1f}</UniqueIdentifier>
    </Filter>
    <Filter Include="Common">
      <UniqueIdentifier>{26f1a25f-74e7-48a1-b990-5ae004279b3d}</UniqueIdentifier>
    </Filter>
    <Filter Include="Draw">
      <UniqueIdentifier>{5522abff-6784-4862-916c-e5823e54aa8f}</UniqueIdentifier>
    </Filter>
    <Filter Include="Draw\Transport">
      <UniqueIdentifier>{fee55e57-f658-48c4-a9b6-d9cf793c2572}</UniqueIdentifier>
    </Filter>
    <Filter Include="Model">
      <UniqueIdentifier>{7a871ab7-ecfb-4396-bfdf-32f53a589229}</UniqueIdentifier>
    </Filter>
    <Filter Include="RoadNetwork">
      <UniqueIdentifier>{b0bd981e-6578-4ba7-ad11-7bb7bbc9f5a7}</UniqueIdentifier>
    </Filter>
    <Filter Include="Terrain">
      <UniqueIdentifier>{0575c033-2497-4cd2-bdf2-780467ad8988}</UniqueIdentifier>
    </Filter>
    <Filter Include="Terrain\LOD">
      <UniqueIdentifier>{42153ba2-c584-4acf-a354-046b4020a680}</UniqueIdentifier>
    </Filter>
    <Filter Include="Transport">
      <UniqueIdentifier>{828627ee-484d-4510-a91c-be06a6a99f14}</UniqueIdentifier>
    </Filter>
    <Filter Include="Application">
      <UniqueIdentifier>{acaf0267-5a1e-464a-a93a-f7148e7d0bd0}</UniqueIdentifier>
    </Filter>
    <Filter Include="Terrain\HeightMap">
      <UniqueIdentifier>{d93c1f6f-be8f-441e-a989-4640db0b7ccb}</UniqueIdentifier>
    </Filter>
    <Filter Include="Font">
      <UniqueIdentifier>{cca61d8a-b0a5-43c2-8b64-4a1f2355c1e5}</UniqueIdentifier>
    </Filter>
    <Filter Include="Text">
      <UniqueIdentifier>{fe10cd4e-4b86-4e64-ad4d-d95e73aa46d7}</UniqueIdentifier>
    </Filter>
    <Filter Include="Utils\Img">
      <UniqueIdentifier>{5b064d69-fc3c-41fa-abe7-1861cb3d2111}</UniqueIdentifier>
    </Filter>
    <Filter Include="Window">
      <UniqueIdentifier>{5743018a-9954-41a3-80d0-4c21b12ebd2c}</UniqueIdentifier>
    </Filter>
    <Filter Include="Textures">
      <UniqueIdentifier>{4095abb7-7b7e-4588-8a2d-07fbc80455d3}</UniqueIdentifier>
    </Filter>
    <Filter Include="Events">
      <UniqueIdentifier>{e4d51b87-8e73-43bf-bac5-56aaf8b57ca4}</UniqueIdentifier>
    </Filter>
    <Filter Include="Events\SingleEvents">
      <UniqueIdentifier>{553c4959-4251-4fa3-aae9-7b6c9d8bdde4}</UniqueIdentifier>
    </Filter>
    <Filter Include="Window\WindowItems">
      <UniqueIdentifier>{b05db826-f33d-47a8-a618-c74efcdbc6d0}</UniqueIdentifier>
    </Filter>
    <Filter Include="Railroad">
      <UniqueIdentifier>{b9e3b191-1fbe-4243-ba1d-dc4b228402f7}</UniqueIdentifier>
    </Filter>
    <Filter Include="Railroad\Visitors">
      <UniqueIdentifier>{7970fd1a-511b-4ca8-ad8f-f25b1349671f}</UniqueIdentifier>
    </Filter>
    <Filter Include="Events\SceneEventStateMachine">
      <UniqueIdentifier>{5d8d19b0-1b26-4f73-b1a8-0ba7b0b4d87a}</UniqueIdentifier>
    </Filter>
    <Filter Include="Terrain\Terraforming">
      <UniqueIdentifier>{c0e32ea7-735f-436e-a3ad-3c7abfedf035}</UniqueIdentifier>
    </Filter>
    <Filter Include="Terrain\Ranges">
      <UniqueIdentifier>{78ae1390-38cb-49d7-9ebc-5202f3b68fc6}</UniqueIdentifier>
    </Filter>
  </ItemGroup>
  <ItemGroup>
    <ClCompile Include="Logger.cpp">
      <Filter>WinSpecific</Filter>
    </ClCompile>
    <ClCompile Include="ScreenParameters.cpp">
      <Filter>WinSpecific</Filter>
    </ClCompile>
    <ClCompile Include="..\..\src\Line.cpp">
      <Filter>Common</Filter>
    </ClCompile>
    <ClCompile Include="..\..\src\MatrixFactory.cpp">
      <Filter>Common</Filter>
    </ClCompile>
    <ClCompile Include="..\..\src\PointHash.cpp">
      <Filter>Common</Filter>
    </ClCompile>
    <ClCompile Include="..\..\src\RangeRectangle.cpp">
      <Filter>Common</Filter>
    </ClCompile>
    <ClCompile Include="..\..\src\Vertex.cpp">
      <Filter>Common</Filter>
    </ClCompile>
    <ClCompile Include="..\..\src\RailRoadMover.cpp">
      <Filter>Railroad\Visitors</Filter>
    </ClCompile>
    <ClCompile Include="..\..\src\RailRoadParametersTaker.cpp">
      <Filter>Railroad\Visitors</Filter>
    </ClCompile>
    <ClCompile Include="..\..\src\RailRoadRenderer.cpp">
      <Filter>Railroad\Visitors</Filter>
    </ClCompile>
    <ClCompile Include="..\..\src\RailRoadRendererArc.cpp">
      <Filter>Railroad\Visitors</Filter>
    </ClCompile>
    <ClCompile Include="..\..\src\RailRoadRendererLine.cpp">
      <Filter>Railroad\Visitors</Filter>
    </ClCompile>
    <ClCompile Include="..\..\src\RailRoadSizer.cpp">
      <Filter>Railroad\Visitors</Filter>
    </ClCompile>
    <ClCompile Include="..\..\src\RailRoad.cpp">
      <Filter>Railroad</Filter>
    </ClCompile>
    <ClCompile Include="..\..\src\RailRoadArc.cpp">
      <Filter>Railroad</Filter>
    </ClCompile>
    <ClCompile Include="..\..\src\RailRoadDrawableObject.cpp">
      <Filter>Railroad</Filter>
    </ClCompile>
    <ClCompile Include="..\..\src\RailRoadFactory.cpp">
      <Filter>Railroad</Filter>
    </ClCompile>
    <ClCompile Include="..\..\src\RailRoadLine.cpp">
      <Filter>Railroad</Filter>
    </ClCompile>
    <ClCompile Include="..\..\src\DrawContext.cpp">
      <Filter>Draw</Filter>
    </ClCompile>
    <ClCompile Include="..\..\src\ShaderLoader.cpp">
      <Filter>Draw</Filter>
    </ClCompile>
    <ClCompile Include="..\..\src\StaticSceneObject.cpp">
      <Filter>Draw</Filter>
    </ClCompile>
    <ClCompile Include="..\..\src\StaticSceneObjectFactory.cpp">
      <Filter>Draw</Filter>
    </ClCompile>
    <ClCompile Include="..\..\src\TerrainSceneObject.cpp">
      <Filter>Draw</Filter>
    </ClCompile>
    <ClCompile Include="..\..\src\WorldProjection.cpp">
      <Filter>Draw</Filter>
    </ClCompile>
    <ClCompile Include="..\..\src\ModelDrawer.cpp">
      <Filter>Model</Filter>
    </ClCompile>
    <ClCompile Include="..\..\src\ModelDrawerPool.cpp">
      <Filter>Model</Filter>
    </ClCompile>
    <ClCompile Include="..\..\src\RoadNetwork.cpp">
      <Filter>RoadNetwork</Filter>
    </ClCompile>
    <ClCompile Include="..\..\src\RoadPoint.cpp">
      <Filter>RoadNetwork</Filter>
    </ClCompile>
    <ClCompile Include="..\..\src\RoadRoute.cpp">
      <Filter>RoadNetwork</Filter>
    </ClCompile>
    <ClCompile Include="..\..\src\RoadRouteHolder.cpp">
      <Filter>RoadNetwork</Filter>
    </ClCompile>
    <ClCompile Include="..\..\src\Patch.cpp">
      <Filter>Terrain\LOD</Filter>
    </ClCompile>
    <ClCompile Include="..\..\src\PatchGrid.cpp">
      <Filter>Terrain\LOD</Filter>
    </ClCompile>
    <ClCompile Include="..\..\src\PatchTriangleMapper.cpp">
      <Filter>Terrain\LOD</Filter>
    </ClCompile>
    <ClCompile Include="..\..\src\TriangleNode.cpp">
      <Filter>Terrain\LOD</Filter>
    </ClCompile>
    <ClCompile Include="..\..\src\TriangleNodeHandler.cpp">
      <Filter>Terrain\LOD</Filter>
    </ClCompile>
    <ClCompile Include="..\..\src\TriangleNodePool.cpp">
      <Filter>Terrain\LOD</Filter>
    </ClCompile>
    <ClCompile Include="..\..\src\Variance.cpp">
      <Filter>Terrain\LOD</Filter>
    </ClCompile>
    <ClCompile Include="..\..\src\TransportManager.cpp">
      <Filter>Transport</Filter>
    </ClCompile>
    <ClCompile Include="..\..\src\GeometryUtils.cpp">
      <Filter>Utils</Filter>
    </ClCompile>
    <ClCompile Include="..\..\src\MatrixUtils.cpp">
      <Filter>Utils</Filter>
    </ClCompile>
    <ClCompile Include="..\..\src\Terrain.cpp">
      <Filter>Terrain</Filter>
    </ClCompile>
    <ClCompile Include="..\..\src\Settings.cpp">
      <Filter>Common</Filter>
    </ClCompile>
    <ClCompile Include="..\..\src\TransportManiaMain.cpp">
      <Filter>Application</Filter>
    </ClCompile>
    <ClCompile Include="..\..\src\Application.cpp">
      <Filter>Application</Filter>
    </ClCompile>
    <ClCompile Include="..\..\src\Game.cpp">
      <Filter>Application</Filter>
    </ClCompile>
    <ClCompile Include="..\..\src\FpsCounter.cpp">
      <Filter>Application</Filter>
    </ClCompile>
    <ClCompile Include="..\..\src\ComponentId.cpp">
      <Filter>Transport</Filter>
    </ClCompile>
    <ClCompile Include="..\..\src\TrainVisibleObject.cpp">
      <Filter>Transport</Filter>
    </ClCompile>
    <ClCompile Include="..\..\src\Train.cpp">
      <Filter>Transport</Filter>
    </ClCompile>
    <ClCompile Include="..\..\src\TrainMovableObject.cpp">
      <Filter>Transport</Filter>
    </ClCompile>
    <ClCompile Include="..\..\src\TrainPartParameters.cpp">
      <Filter>Transport</Filter>
    </ClCompile>
    <ClCompile Include="..\..\src\LocomotiveDrawableObject.cpp">
      <Filter>Draw\Transport</Filter>
    </ClCompile>
    <ClCompile Include="..\..\src\TrainDrawableObject.cpp">
      <Filter>Draw\Transport</Filter>
    </ClCompile>
    <ClCompile Include="..\..\src\TrainDrawableObjectFactory.cpp">
      <Filter>Draw\Transport</Filter>
    </ClCompile>
    <ClCompile Include="..\..\src\WagonDrawableObject.cpp">
      <Filter>Draw\Transport</Filter>
    </ClCompile>
    <ClCompile Include="..\..\src\UpdateRate.cpp">
      <Filter>Application</Filter>
    </ClCompile>
    <ClCompile Include="..\..\src\TriangleMapper.cpp">
      <Filter>Common</Filter>
    </ClCompile>
    <ClCompile Include="..\..\src\SubjectAction.cpp">
      <Filter>Events\SceneEventStateMachine</Filter>
    </ClCompile>
    <ClCompile Include="..\..\src\HeightMap.cpp">
      <Filter>Terrain\HeightMap</Filter>
    </ClCompile>
    <ClCompile Include="..\..\src\HeightMapExtended.cpp">
      <Filter>Terrain\HeightMap</Filter>
    </ClCompile>
    <ClCompile Include="..\..\src\HeightMapLoaderFactory.cpp">
      <Filter>Terrain\HeightMap</Filter>
    </ClCompile>
    <ClCompile Include="..\..\src\HeightMapLoaderFile.cpp">
      <Filter>Terrain\HeightMap</Filter>
    </ClCompile>
    <ClCompile Include="..\..\src\HeightMapLoaderTest.cpp">
      <Filter>Terrain\HeightMap</Filter>
    </ClCompile>
    <ClCompile Include="..\..\src\TriangleNodeCache.cpp">
      <Filter>Terrain\LOD</Filter>
    </ClCompile>
    <ClCompile Include="..\..\src\PoolUsageCounter.cpp">
      <Filter>Utils</Filter>
    </ClCompile>
    <ClCompile Include="..\..\src\PoolUsageCounterHolder.cpp">
      <Filter>Utils</Filter>
    </ClCompile>
    <ClCompile Include="LeakDetectorInitializer.cpp">
      <Filter>Utils</Filter>
    </ClCompile>
    <ClCompile Include="..\..\src\FontReader.cpp">
      <Filter>Font</Filter>
    </ClCompile>
    <ClCompile Include="..\..\src\TextRenderer.cpp">
      <Filter>Text</Filter>
    </ClCompile>
    <ClCompile Include="..\..\src\ComponentHolder.cpp">
      <Filter>Transport</Filter>
    </ClCompile>
    <ClCompile Include="..\..\src\PointNormaleMap.cpp">
      <Filter>Common</Filter>
    </ClCompile>
    <ClCompile Include="..\..\src\Angle.cpp">
      <Filter>Common</Filter>
    </ClCompile>
    <ClCompile Include="..\..\src\PolygonVisibilityChecker.cpp">
      <Filter>Common</Filter>
    </ClCompile>
    <ClCompile Include="..\..\src\HeightMapLoaderCache.cpp">
      <Filter>Terrain\HeightMap</Filter>
    </ClCompile>
    <ClCompile Include="..\..\src\HeightMapLoaderConstant.cpp">
      <Filter>Terrain\HeightMap</Filter>
    </ClCompile>
    <ClCompile Include="..\..\src\BmpHandler.cpp">
      <Filter>Utils\Img</Filter>
    </ClCompile>
    <ClCompile Include="..\..\src\PngHandler.cpp">
      <Filter>Utils\Img</Filter>
    </ClCompile>
    <ClCompile Include="..\..\src\ImgProperties.cpp">
      <Filter>Utils\Img</Filter>
    </ClCompile>
    <ClCompile Include="..\..\src\WindowManager.cpp">
      <Filter>Window</Filter>
    </ClCompile>
    <ClCompile Include="..\..\src\DrawableItem.cpp">
      <Filter>Draw</Filter>
    </ClCompile>
    <ClCompile Include="..\..\src\TextManager.cpp">
      <Filter>Text</Filter>
    </ClCompile>
    <ClCompile Include="..\..\src\WindowRenderer.cpp">
      <Filter>Window</Filter>
    </ClCompile>
    <ClCompile Include="..\..\src\TextureLoader.cpp">
      <Filter>Textures</Filter>
    </ClCompile>
    <ClCompile Include="..\..\src\TextureManager.cpp">
      <Filter>Textures</Filter>
    </ClCompile>
    <ClCompile Include="..\..\src\ItemLocator.cpp">
      <Filter>Common</Filter>
    </ClCompile>
    <ClCompile Include="..\..\src\AppEventHandler.cpp">
      <Filter>Application</Filter>
    </ClCompile>
    <ClCompile Include="..\..\src\UniqueId.cpp">
      <Filter>Common</Filter>
    </ClCompile>
    <ClCompile Include="..\..\src\EventDispatcher.cpp">
      <Filter>Events</Filter>
    </ClCompile>
    <ClCompile Include="..\..\src\EventHandlerLocator.cpp">
      <Filter>Events</Filter>
    </ClCompile>
    <ClCompile Include="..\..\src\ShaderProgram.cpp">
      <Filter>Draw</Filter>
    </ClCompile>
    <ClCompile Include="..\..\src\WindowPosition.cpp">
      <Filter>Window</Filter>
    </ClCompile>
    <ClCompile Include="..\..\src\EventContainer.cpp">
      <Filter>Events</Filter>
    </ClCompile>
    <ClCompile Include="..\..\src\WindowCloseEvent.cpp">
      <Filter>Events\SingleEvents</Filter>
    </ClCompile>
    <ClCompile Include="..\..\src\SdlUserEvent.cpp">
      <Filter>Events</Filter>
    </ClCompile>
    <ClCompile Include="..\..\src\SdlUserEventVisitor.cpp">
      <Filter>Events</Filter>
    </ClCompile>
    <ClCompile Include="..\..\src\CachedHandlerLocator.cpp">
      <Filter>Events</Filter>
    </ClCompile>
    <ClCompile Include="..\..\src\WindowImpl.cpp">
      <Filter>Window</Filter>
    </ClCompile>
    <ClCompile Include="..\..\src\WindowItemBox.cpp">
      <Filter>Window\WindowItems</Filter>
    </ClCompile>
    <ClCompile Include="..\..\src\WindowItem.cpp">
      <Filter>Window\WindowItems</Filter>
    </ClCompile>
    <ClCompile Include="..\..\src\WindowItemText.cpp">
      <Filter>Window\WindowItems</Filter>
    </ClCompile>
    <ClCompile Include="..\..\src\WindowItemRenderer.cpp">
      <Filter>Window\WindowItems</Filter>
    </ClCompile>
    <ClCompile Include="..\..\src\ModelManager.cpp">
      <Filter>Model</Filter>
    </ClCompile>
    <ClCompile Include="..\..\src\ModelReader.cpp">
      <Filter>Model</Filter>
    </ClCompile>
    <ClCompile Include="..\..\src\ScreenSizeManipulator.cpp">
      <Filter>Application</Filter>
    </ClCompile>
    <ClCompile Include="..\..\src\MoveSceneEventHandler.cpp">
      <Filter>Events</Filter>
    </ClCompile>
    <ClCompile Include="..\..\src\TerrainPositionLocator.cpp">
      <Filter>Common</Filter>
    </ClCompile>
    <ClCompile Include="..\..\src\TerrainCoverDrawableObject.cpp">
      <Filter>Terrain</Filter>
    </ClCompile>
    <ClCompile Include="..\..\src\SceneContent.cpp">
      <Filter>Application</Filter>
    </ClCompile>
    <ClCompile Include="..\..\src\RoadNetworkManager.cpp">
      <Filter>RoadNetwork</Filter>
    </ClCompile>
    <ClCompile Include="..\..\src\RailRoadRangeGenerator.cpp">
      <Filter>Railroad\Visitors</Filter>
    </ClCompile>
    <ClCompile Include="..\..\src\RailRoadTerraformer.cpp">
      <Filter>Railroad\Visitors</Filter>
    </ClCompile>
    <ClCompile Include="..\..\src\RailRoadClosestPoint.cpp">
      <Filter>Railroad\Visitors</Filter>
    </ClCompile>
    <ClCompile Include="..\..\src\Terraformer.cpp">
      <Filter>Terrain\Terraforming</Filter>
    </ClCompile>
    <ClCompile Include="..\..\src\TerraformFunction.cpp">
      <Filter>Terrain\Terraforming</Filter>
    </ClCompile>
    <ClCompile Include="..\..\src\TerrainHeightCheck.cpp">
      <Filter>Terrain\Terraforming</Filter>
    </ClCompile>
    <ClCompile Include="..\..\src\TerrainPointCollector.cpp">
      <Filter>Terrain\Terraforming</Filter>
    </ClCompile>
    <ClCompile Include="..\..\src\TerrainRange.cpp">
      <Filter>Terrain\Ranges</Filter>
    </ClCompile>
    <ClCompile Include="..\..\src\TerrainRangeArc.cpp">
      <Filter>Terrain\Ranges</Filter>
    </ClCompile>
    <ClCompile Include="..\..\src\TerrainRangeCircle.cpp">
      <Filter>Terrain\Ranges</Filter>
    </ClCompile>
    <ClCompile Include="..\..\src\TerrainRangeLine.cpp">
      <Filter>Terrain\Ranges</Filter>
    </ClCompile>
    <ClCompile Include="..\..\src\RailRoadTangent.cpp">
      <Filter>Railroad\Visitors</Filter>
    </ClCompile>
    <ClCompile Include="..\..\src\RailRoadConnector.cpp">
      <Filter>Railroad</Filter>
    </ClCompile>
  </ItemGroup>
  <ItemGroup>
    <ClInclude Include="..\..\src\SafeExecute.h">
      <Filter>Utils</Filter>
    </ClInclude>
    <ClInclude Include="..\..\src\Logger.h">
      <Filter>Utils</Filter>
    </ClInclude>
    <ClInclude Include="..\..\src\Angle.h">
      <Filter>Common</Filter>
    </ClInclude>
    <ClInclude Include="..\..\src\Line.h">
      <Filter>Common</Filter>
    </ClInclude>
    <ClInclude Include="..\..\src\Matrix.h">
      <Filter>Common</Filter>
    </ClInclude>
    <ClInclude Include="..\..\src\MatrixFactory.h">
      <Filter>Common</Filter>
    </ClInclude>
    <ClInclude Include="..\..\src\Point2d.h">
      <Filter>Common</Filter>
    </ClInclude>
    <ClInclude Include="..\..\src\Point3d.h">
      <Filter>Common</Filter>
    </ClInclude>
    <ClInclude Include="..\..\src\Point4d.h">
      <Filter>Common</Filter>
    </ClInclude>
    <ClInclude Include="..\..\src\PointHash.h">
      <Filter>Common</Filter>
    </ClInclude>
    <ClInclude Include="..\..\src\PointImpl.h">
      <Filter>Common</Filter>
    </ClInclude>
    <ClInclude Include="..\..\src\PointProxy.h">
      <Filter>Common</Filter>
    </ClInclude>
    <ClInclude Include="..\..\src\RangeRectangle.h">
      <Filter>Common</Filter>
    </ClInclude>
    <ClInclude Include="..\..\src\Size2d.h">
      <Filter>Common</Filter>
    </ClInclude>
    <ClInclude Include="..\..\src\Triangle2d.h">
      <Filter>Common</Filter>
    </ClInclude>
    <ClInclude Include="..\..\src\Triangle3d.h">
      <Filter>Common</Filter>
    </ClInclude>
    <ClInclude Include="..\..\src\Types.h">
      <Filter>Common</Filter>
    </ClInclude>
    <ClInclude Include="..\..\src\Vertex.h">
      <Filter>Common</Filter>
    </ClInclude>
    <ClInclude Include="..\..\src\RailRoadMover.h">
      <Filter>Railroad\Visitors</Filter>
    </ClInclude>
    <ClInclude Include="..\..\src\RailRoadParametersTaker.h">
      <Filter>Railroad\Visitors</Filter>
    </ClInclude>
    <ClInclude Include="..\..\src\RailRoadRenderer.h">
      <Filter>Railroad\Visitors</Filter>
    </ClInclude>
    <ClInclude Include="..\..\src\RailRoadRendererArc.h">
      <Filter>Railroad\Visitors</Filter>
    </ClInclude>
    <ClInclude Include="..\..\src\RailRoadRendererLine.h">
      <Filter>Railroad\Visitors</Filter>
    </ClInclude>
    <ClInclude Include="..\..\src\RailRoadSizer.h">
      <Filter>Railroad\Visitors</Filter>
    </ClInclude>
    <ClInclude Include="..\..\src\RailRoadVisitor.h">
      <Filter>Railroad\Visitors</Filter>
    </ClInclude>
    <ClInclude Include="..\..\src\RailRoad.h">
      <Filter>Railroad</Filter>
    </ClInclude>
    <ClInclude Include="..\..\src\RailRoadArc.h">
      <Filter>Railroad</Filter>
    </ClInclude>
    <ClInclude Include="..\..\src\RailRoadDrawableObject.h">
      <Filter>Railroad</Filter>
    </ClInclude>
    <ClInclude Include="..\..\src\RailRoadFactory.h">
      <Filter>Railroad</Filter>
    </ClInclude>
    <ClInclude Include="..\..\src\RailRoadLine.h">
      <Filter>Railroad</Filter>
    </ClInclude>
    <ClInclude Include="..\..\src\DrawableObject.h">
      <Filter>Draw</Filter>
    </ClInclude>
    <ClInclude Include="..\..\src\DrawContext.h">
      <Filter>Draw</Filter>
    </ClInclude>
    <ClInclude Include="..\..\src\ShaderLoader.h">
      <Filter>Draw</Filter>
    </ClInclude>
    <ClInclude Include="..\..\src\StaticSceneObject.h">
      <Filter>Draw</Filter>
    </ClInclude>
    <ClInclude Include="..\..\src\StaticSceneObjectFactory.h">
      <Filter>Draw</Filter>
    </ClInclude>
    <ClInclude Include="..\..\src\TerrainSceneObject.h">
      <Filter>Draw</Filter>
    </ClInclude>
    <ClInclude Include="..\..\src\WorldProjection.h">
      <Filter>Draw</Filter>
    </ClInclude>
    <ClInclude Include="..\..\src\ModelData.h">
      <Filter>Model</Filter>
    </ClInclude>
    <ClInclude Include="..\..\src\ModelDrawer.h">
      <Filter>Model</Filter>
    </ClInclude>
    <ClInclude Include="..\..\src\ModelDrawerPool.h">
      <Filter>Model</Filter>
    </ClInclude>
    <ClInclude Include="..\..\src\RoadNetwork.h">
      <Filter>RoadNetwork</Filter>
    </ClInclude>
    <ClInclude Include="..\..\src\RoadNetworkImpl.h">
      <Filter>RoadNetwork</Filter>
    </ClInclude>
    <ClInclude Include="..\..\src\RoadPoint.h">
      <Filter>RoadNetwork</Filter>
    </ClInclude>
    <ClInclude Include="..\..\src\RoadRoute.h">
      <Filter>RoadNetwork</Filter>
    </ClInclude>
    <ClInclude Include="..\..\src\RoadRouteHolder.h">
      <Filter>RoadNetwork</Filter>
    </ClInclude>
    <ClInclude Include="..\..\src\Patch.h">
      <Filter>Terrain\LOD</Filter>
    </ClInclude>
    <ClInclude Include="..\..\src\PatchGrid.h">
      <Filter>Terrain\LOD</Filter>
    </ClInclude>
    <ClInclude Include="..\..\src\PatchTriangleMapper.h">
      <Filter>Terrain\LOD</Filter>
    </ClInclude>
    <ClInclude Include="..\..\src\TriangleNode.h">
      <Filter>Terrain\LOD</Filter>
    </ClInclude>
    <ClInclude Include="..\..\src\TriangleNodeHandler.h">
      <Filter>Terrain\LOD</Filter>
    </ClInclude>
    <ClInclude Include="..\..\src\TriangleNodePool.h">
      <Filter>Terrain\LOD</Filter>
    </ClInclude>
    <ClInclude Include="..\..\src\Variance.h">
      <Filter>Terrain\LOD</Filter>
    </ClInclude>
    <ClInclude Include="..\..\src\TrainStateMachine.h">
      <Filter>Transport</Filter>
    </ClInclude>
    <ClInclude Include="..\..\src\TransportManager.h">
      <Filter>Transport</Filter>
    </ClInclude>
    <ClInclude Include="..\..\src\CommonUtils.h">
      <Filter>Utils</Filter>
    </ClInclude>
    <ClInclude Include="..\..\src\GeometryUtils.h">
      <Filter>Utils</Filter>
    </ClInclude>
    <ClInclude Include="..\..\src\MatrixUtils.h">
      <Filter>Utils</Filter>
    </ClInclude>
    <ClInclude Include="..\..\src\SymmetricMap.h">
      <Filter>Common</Filter>
    </ClInclude>
    <ClInclude Include="..\..\src\Terrain.h">
      <Filter>Terrain</Filter>
    </ClInclude>
    <ClInclude Include="..\..\src\Settings.h">
      <Filter>Common</Filter>
    </ClInclude>
    <ClInclude Include="..\..\src\Application.h">
      <Filter>Application</Filter>
    </ClInclude>
    <ClInclude Include="..\..\src\Game.h">
      <Filter>Application</Filter>
    </ClInclude>
    <ClInclude Include="..\..\src\FpsCounter.h">
      <Filter>Application</Filter>
    </ClInclude>
    <ClInclude Include="..\..\src\ComponentId.h">
      <Filter>Transport</Filter>
    </ClInclude>
    <ClInclude Include="..\..\src\ComponentHolder.h">
      <Filter>Transport</Filter>
    </ClInclude>
    <ClInclude Include="..\..\src\TrainVisibleObject.h">
      <Filter>Transport</Filter>
    </ClInclude>
    <ClInclude Include="..\..\src\Train.h">
      <Filter>Transport</Filter>
    </ClInclude>
    <ClInclude Include="..\..\src\TrainMovableObject.h">
      <Filter>Transport</Filter>
    </ClInclude>
    <ClInclude Include="..\..\src\TrainMoveParameters.h">
      <Filter>Transport</Filter>
    </ClInclude>
    <ClInclude Include="..\..\src\TrainPart.h">
      <Filter>Transport</Filter>
    </ClInclude>
    <ClInclude Include="..\..\src\TrainPartParameters.h">
      <Filter>Transport</Filter>
    </ClInclude>
    <ClInclude Include="..\..\src\TrainTypes.h">
      <Filter>Transport</Filter>
    </ClInclude>
    <ClInclude Include="..\..\src\LocomotiveDrawableObject.h">
      <Filter>Draw\Transport</Filter>
    </ClInclude>
    <ClInclude Include="..\..\src\TrainDrawableObject.h">
      <Filter>Draw\Transport</Filter>
    </ClInclude>
    <ClInclude Include="..\..\src\TrainDrawableObjectFactory.h">
      <Filter>Draw\Transport</Filter>
    </ClInclude>
    <ClInclude Include="..\..\src\WagonDrawableObject.h">
      <Filter>Draw\Transport</Filter>
    </ClInclude>
    <ClInclude Include="..\..\src\UpdateRate.h">
      <Filter>Application</Filter>
    </ClInclude>
    <ClInclude Include="..\..\src\TriangleMapper.h">
      <Filter>Common</Filter>
    </ClInclude>
    <ClInclude Include="..\..\src\EventStateMachineImpl.h">
      <Filter>Events\SceneEventStateMachine</Filter>
    </ClInclude>
    <ClInclude Include="..\..\src\EventStateMachine.h">
      <Filter>Events\SceneEventStateMachine</Filter>
    </ClInclude>
    <ClInclude Include="..\..\src\EventStateMachineDefs.h">
      <Filter>Events\SceneEventStateMachine</Filter>
    </ClInclude>
    <ClInclude Include="..\..\src\SubjectAction.h">
      <Filter>Events\SceneEventStateMachine</Filter>
    </ClInclude>
    <ClInclude Include="..\..\src\TriangleNodeAllocator.h">
      <Filter>Terrain\LOD</Filter>
    </ClInclude>
    <ClInclude Include="..\..\src\TriangleNodeMakeShared.h">
      <Filter>Terrain\LOD</Filter>
    </ClInclude>
    <ClInclude Include="..\..\src\HeightMap.h">
      <Filter>Terrain\HeightMap</Filter>
    </ClInclude>
    <ClInclude Include="..\..\src\HeightMapBase.h">
      <Filter>Terrain\HeightMap</Filter>
    </ClInclude>
    <ClInclude Include="..\..\src\HeightMapExtended.h">
      <Filter>Terrain\HeightMap</Filter>
    </ClInclude>
    <ClInclude Include="..\..\src\HeightMapLoader.h">
      <Filter>Terrain\HeightMap</Filter>
    </ClInclude>
    <ClInclude Include="..\..\src\HeightMapLoaderFactory.h">
      <Filter>Terrain\HeightMap</Filter>
    </ClInclude>
    <ClInclude Include="..\..\src\HeightMapLoaderFile.h">
      <Filter>Terrain\HeightMap</Filter>
    </ClInclude>
    <ClInclude Include="..\..\src\HeightMapLoaderTest.h">
      <Filter>Terrain\HeightMap</Filter>
    </ClInclude>
    <ClInclude Include="..\..\src\TriangleNodeCache.h">
      <Filter>Terrain\LOD</Filter>
    </ClInclude>
    <ClInclude Include="..\..\src\PoolUsageCounter.h">
      <Filter>Utils</Filter>
    </ClInclude>
    <ClInclude Include="..\..\src\PoolUsageCounterHolder.h">
      <Filter>Utils</Filter>
    </ClInclude>
    <ClInclude Include="..\..\src\LeakDetectorInitializer.h">
      <Filter>Utils</Filter>
    </ClInclude>
    <ClInclude Include="..\..\src\PatchGridMap.h">
      <Filter>Terrain\LOD</Filter>
    </ClInclude>
    <ClInclude Include="..\..\src\FontData.h">
      <Filter>Font</Filter>
    </ClInclude>
    <ClInclude Include="..\..\src\FontReader.h">
      <Filter>Font</Filter>
    </ClInclude>
    <ClInclude Include="..\..\src\TextRenderer.h">
      <Filter>Text</Filter>
    </ClInclude>
    <ClInclude Include="..\..\src\ResourceProxy.h">
      <Filter>Utils</Filter>
    </ClInclude>
    <ClInclude Include="..\..\src\ComponentHolderProxy.h">
      <Filter>Transport</Filter>
    </ClInclude>
    <ClInclude Include="..\..\src\PointNormaleMap.h">
      <Filter>Common</Filter>
    </ClInclude>
    <ClInclude Include="..\..\src\GlobalDefines.h">
      <Filter>Application</Filter>
    </ClInclude>
    <ClInclude Include="..\..\src\PolygonVisibilityChecker.h">
      <Filter>Common</Filter>
    </ClInclude>
    <ClInclude Include="..\..\src\HeightMapLoaderCache.h">
      <Filter>Terrain\HeightMap</Filter>
    </ClInclude>
    <ClInclude Include="..\..\src\HeightMapLoaderConstant.h">
      <Filter>Terrain\HeightMap</Filter>
    </ClInclude>
    <ClInclude Include="..\..\src\BmpHandler.h">
      <Filter>Utils\Img</Filter>
    </ClInclude>
    <ClInclude Include="..\..\src\PngHandler.h">
      <Filter>Utils\Img</Filter>
    </ClInclude>
    <ClInclude Include="..\..\src\ImgProperties.h">
      <Filter>Utils\Img</Filter>
    </ClInclude>
    <ClInclude Include="..\..\src\WindowManager.h">
      <Filter>Window</Filter>
    </ClInclude>
    <ClInclude Include="..\..\src\DrawableItem.h">
      <Filter>Draw</Filter>
    </ClInclude>
    <ClInclude Include="..\..\src\TextManager.h">
      <Filter>Text</Filter>
    </ClInclude>
    <ClInclude Include="..\..\src\TextManagerProxy.h">
      <Filter>Text</Filter>
    </ClInclude>
    <ClInclude Include="..\..\src\WindowRenderer.h">
      <Filter>Window</Filter>
    </ClInclude>
    <ClInclude Include="..\..\src\TextureProperties.h">
      <Filter>Textures</Filter>
    </ClInclude>
    <ClInclude Include="..\..\src\TextureId.h">
      <Filter>Textures</Filter>
    </ClInclude>
    <ClInclude Include="..\..\src\TextureLoader.h">
      <Filter>Textures</Filter>
    </ClInclude>
    <ClInclude Include="..\..\src\TextureManager.h">
      <Filter>Textures</Filter>
    </ClInclude>
    <ClInclude Include="..\..\src\TextureManagerProxy.h">
      <Filter>Textures</Filter>
    </ClInclude>
    <ClInclude Include="..\..\src\Polygon3d.h">
      <Filter>Common</Filter>
    </ClInclude>
    <ClInclude Include="..\..\src\ItemLocator.h">
      <Filter>Common</Filter>
    </ClInclude>
    <ClInclude Include="..\..\src\Polygon2d.h">
      <Filter>Common</Filter>
    </ClInclude>
    <ClInclude Include="..\..\src\AppEventHandler.h">
      <Filter>Application</Filter>
    </ClInclude>
    <ClInclude Include="..\..\src\WindowManagerProxy.h">
      <Filter>Window</Filter>
    </ClInclude>
    <ClInclude Include="..\..\src\VisitorPattern.h">
      <Filter>Utils</Filter>
    </ClInclude>
    <ClInclude Include="..\..\src\RailRoadAcceptorTmpl.h">
      <Filter>Railroad\Visitors</Filter>
    </ClInclude>
    <ClInclude Include="..\..\src\FingerIdType.h">
      <Filter>Common</Filter>
    </ClInclude>
    <ClInclude Include="..\..\src\UniqueId.h">
      <Filter>Common</Filter>
    </ClInclude>
    <ClInclude Include="..\..\src\EventDispatcher.h">
      <Filter>Events</Filter>
    </ClInclude>
    <ClInclude Include="..\..\src\EventHandlerLocator.h">
      <Filter>Events</Filter>
    </ClInclude>
    <ClInclude Include="..\..\src\FingerEvent.h">
      <Filter>Events</Filter>
    </ClInclude>
    <ClInclude Include="..\..\src\EventHandler.h">
      <Filter>Events</Filter>
    </ClInclude>
    <ClInclude Include="..\..\src\ShaderProgram.h">
      <Filter>Draw</Filter>
    </ClInclude>
    <ClInclude Include="..\..\src\ShaderAttribute.h">
      <Filter>Draw</Filter>
    </ClInclude>
    <ClInclude Include="..\..\src\WindowPosition.h">
      <Filter>Window</Filter>
    </ClInclude>
    <ClInclude Include="..\..\src\EventContainer.h">
      <Filter>Events</Filter>
    </ClInclude>
    <ClInclude Include="..\..\src\EventAction.h">
      <Filter>Events</Filter>
    </ClInclude>
    <ClInclude Include="..\..\src\WindowCloseEvent.h">
      <Filter>Events\SingleEvents</Filter>
    </ClInclude>
    <ClInclude Include="..\..\src\SdlUserEvent.h">
      <Filter>Events</Filter>
    </ClInclude>
    <ClInclude Include="..\..\src\UserEventData.h">
      <Filter>Events</Filter>
    </ClInclude>
    <ClInclude Include="..\..\src\SdlUserEventVisitor.h">
      <Filter>Events</Filter>
    </ClInclude>
    <ClInclude Include="..\..\src\CachedHandlerLocator.h">
      <Filter>Events</Filter>
    </ClInclude>
    <ClInclude Include="..\..\src\CachedHandlerLocatorProxy.h">
      <Filter>Events</Filter>
    </ClInclude>
    <ClInclude Include="..\..\src\TextRendererProxy.h">
      <Filter>Text</Filter>
    </ClInclude>
    <ClInclude Include="..\..\src\Size2f.h">
      <Filter>Common</Filter>
    </ClInclude>
    <ClInclude Include="..\..\src\WindowItem.h">
      <Filter>Window\WindowItems</Filter>
    </ClInclude>
    <ClInclude Include="..\..\src\WindowData.h">
      <Filter>Window</Filter>
    </ClInclude>
    <ClInclude Include="..\..\src\WindowImpl.h">
      <Filter>Window</Filter>
    </ClInclude>
    <ClInclude Include="..\..\src\WindowItemRenderer.h">
      <Filter>Window\WindowItems</Filter>
    </ClInclude>
    <ClInclude Include="..\..\src\WindowItemBox.h">
      <Filter>Window\WindowItems</Filter>
    </ClInclude>
    <ClInclude Include="..\..\src\Rectangle2f.h">
      <Filter>Common</Filter>
    </ClInclude>
    <ClInclude Include="..\..\src\WindowItemText.h">
      <Filter>Window\WindowItems</Filter>
    </ClInclude>
    <ClInclude Include="..\..\src\ModelManager.h">
      <Filter>Model</Filter>
    </ClInclude>
    <ClInclude Include="..\..\src\ModelReader.h">
      <Filter>Model</Filter>
    </ClInclude>
    <ClInclude Include="..\..\src\ModelManagerProxy.h">
      <Filter>Model</Filter>
    </ClInclude>
    <ClInclude Include="..\..\src\TextureIdHashImpl.h">
      <Filter>Textures</Filter>
    </ClInclude>
    <ClInclude Include="..\..\src\ApplicationPauseEvent.h">
      <Filter>Events\SingleEvents</Filter>
    </ClInclude>
    <ClInclude Include="..\..\src\ScreenSizeManipulator.h">
      <Filter>Application</Filter>
    </ClInclude>
    <ClInclude Include="..\..\src\SceneEventHandler.h">
      <Filter>Events</Filter>
    </ClInclude>
    <ClInclude Include="..\..\src\MoveSceneEventHandler.h">
      <Filter>Events</Filter>
    </ClInclude>
    <ClInclude Include="..\..\src\SceneEventHandlerWrapper.h">
      <Filter>Events</Filter>
    </ClInclude>
    <ClInclude Include="..\..\src\SceneEventStateMachine.h">
      <Filter>Events\SceneEventStateMachine</Filter>
    </ClInclude>
    <ClInclude Include="..\..\src\RoadEventStateMachine.h">
      <Filter>Events\SceneEventStateMachine</Filter>
    </ClInclude>
    <ClInclude Include="..\..\src\TerrainPositionLocator.h">
      <Filter>Common</Filter>
    </ClInclude>
    <ClInclude Include="..\..\src\OptionalPoint3d.h">
      <Filter>Common</Filter>
    </ClInclude>
    <ClInclude Include="..\..\src\ContainerAggregator.h">
      <Filter>Utils</Filter>
    </ClInclude>
    <ClInclude Include="..\..\src\TerrainCoverDrawableObject.h">
      <Filter>Terrain</Filter>
    </ClInclude>
    <ClInclude Include="..\..\src\SceneContent.h">
      <Filter>Application</Filter>
    </ClInclude>
    <ClInclude Include="..\..\src\MouseModeChangeEvent.h">
      <Filter>Events\SingleEvents</Filter>
    </ClInclude>
    <ClInclude Include="..\..\src\SubmitDraftRoadsEvent.h">
      <Filter>Events\SingleEvents</Filter>
    </ClInclude>
    <ClInclude Include="..\..\src\Point3i.h">
      <Filter>Common</Filter>
    </ClInclude>
    <ClInclude Include="..\..\src\RoadNetworkManager.h">
      <Filter>RoadNetwork</Filter>
    </ClInclude>
    <ClInclude Include="..\..\src\RailRoadRangeGenerator.h">
      <Filter>Railroad\Visitors</Filter>
    </ClInclude>
    <ClInclude Include="..\..\src\RailRoadTerraformer.h">
      <Filter>Railroad\Visitors</Filter>
    </ClInclude>
    <ClInclude Include="..\..\src\Point2i.h">
      <Filter>Common</Filter>
    </ClInclude>
    <ClInclude Include="..\..\src\RailRoadClosestPoint.h">
      <Filter>Railroad\Visitors</Filter>
    </ClInclude>
    <ClInclude Include="..\..\src\Terraformer.h">
      <Filter>Terrain\Terraforming</Filter>
    </ClInclude>
    <ClInclude Include="..\..\src\TerraformFunction.h">
      <Filter>Terrain\Terraforming</Filter>
    </ClInclude>
    <ClInclude Include="..\..\src\TerrainHeightCheck.h">
      <Filter>Terrain\Terraforming</Filter>
    </ClInclude>
    <ClInclude Include="..\..\src\TerrainPointCollector.h">
      <Filter>Terrain\Terraforming</Filter>
    </ClInclude>
    <ClInclude Include="..\..\src\TerrainRange.h">
      <Filter>Terrain\Ranges</Filter>
    </ClInclude>
    <ClInclude Include="..\..\src\TerrainRangeArc.h">
      <Filter>Terrain\Ranges</Filter>
    </ClInclude>
    <ClInclude Include="..\..\src\TerrainRangeCircle.h">
      <Filter>Terrain\Ranges</Filter>
    </ClInclude>
    <ClInclude Include="..\..\src\TerrainRangeLine.h">
      <Filter>Terrain\Ranges</Filter>
    </ClInclude>
    <ClInclude Include="..\..\src\RailRoadTangent.h">
      <Filter>Railroad\Visitors</Filter>
    </ClInclude>
    <ClInclude Include="..\..\src\RailRoadConnector.h">
      <Filter>Railroad</Filter>
    </ClInclude>
    <ClInclude Include="..\..\src\RailRoadTangentData.h">
      <Filter>Railroad</Filter>
    </ClInclude>
  </ItemGroup>
</Project>